
Microsoft Visual Studio Solution File, Format Version 12.00
# Visual Studio 16
Project("{FAE04EC0-301F-11D3-BF4B-00C04F79EFBC}") = "Assembly-CSharp", "Assembly-CSharp.csproj", "{D8003BF0-C70A-F304-A645-4FB331C363F4}"
EndProject
Project("{FAE04EC0-301F-11D3-BF4B-00C04F79EFBC}") = "Assembly-CSharp-firstpass", "Assembly-CSharp-firstpass.csproj", "{AB5BBA9F-7165-B5F1-CAB3-69F78D4532B9}"
EndProject
Project("{FAE04EC0-301F-11D3-BF4B-00C04F79EFBC}") = "Assembly-CSharp-Editor", "Assembly-CSharp-Editor.csproj", "{D071C609-7374-4769-810F-C0CBF36F4D2E}"
EndProject
Global
	GlobalSection(SolutionConfigurationPlatforms) = preSolution
		Debug|Any CPU = Debug|Any CPU
		Release|Any CPU = Release|Any CPU
	EndGlobalSection
	GlobalSection(ProjectConfigurationPlatforms) = postSolution
		{D8003BF0-C70A-F304-A645-4FB331C363F4}.Debug|Any CPU.ActiveCfg = Debug|Any CPU
		{D8003BF0-C70A-F304-A645-4FB331C363F4}.Debug|Any CPU.Build.0 = Debug|Any CPU
		{D8003BF0-C70A-F304-A645-4FB331C363F4}.Release|Any CPU.ActiveCfg = Release|Any CPU
		{D8003BF0-C70A-F304-A645-4FB331C363F4}.Release|Any CPU.Build.0 = Release|Any CPU
		{AB5BBA9F-7165-B5F1-CAB3-69F78D4532B9}.Debug|Any CPU.ActiveCfg = Debug|Any CPU
		{AB5BBA9F-7165-B5F1-CAB3-69F78D4532B9}.Debug|Any CPU.Build.0 = Debug|Any CPU
		{AB5BBA9F-7165-B5F1-CAB3-69F78D4532B9}.Release|Any CPU.ActiveCfg = Release|Any CPU
		{AB5BBA9F-7165-B5F1-CAB3-69F78D4532B9}.Release|Any CPU.Build.0 = Release|Any CPU
		{D071C609-7374-4769-810F-C0CBF36F4D2E}.Debug|Any CPU.ActiveCfg = Debug|Any CPU
		{D071C609-7374-4769-810F-C0CBF36F4D2E}.Debug|Any CPU.Build.0 = Debug|Any CPU
		{D071C609-7374-4769-810F-C0CBF36F4D2E}.Release|Any CPU.ActiveCfg = Release|Any CPU
		{D071C609-7374-4769-810F-C0CBF36F4D2E}.Release|Any CPU.Build.0 = Release|Any CPU
	EndGlobalSection
	GlobalSection(SolutionProperties) = preSolution
		HideSolutionNode = FALSE
	EndGlobalSection
	GlobalSection(MonoDevelopProperties) = preSolution
		StartupItem = Assembly-CSharp.csproj
	EndGlobalSection
EndGlobal
